
Microsoft Visual Studio Solution File, Format Version 12.00
# Visual Studio 15
VisualStudioVersion = 15.0.28307.852
MinimumVisualStudioVersion = 10.0.40219.1
Project("{FAE04EC0-301F-11D3-BF4B-00C04F79EFBC}") = "NeonTDS", "NeonTDS\NeonTDS.csproj", "{8785CCB5-6E67-4318-A0AF-81B3841346CF}"
EndProject
Project("{FAE04EC0-301F-11D3-BF4B-00C04F79EFBC}") = "UDPServer", "UDPServer\UDPServer.csproj", "{65E8F878-970C-46B4-9FAA-0CBCA3285CCA}"
EndProject
Global
	GlobalSection(SolutionConfigurationPlatforms) = preSolution
		Debug|Any CPU = Debug|Any CPU
		Debug|ARM = Debug|ARM
		Debug|ARM64 = Debug|ARM64
		Debug|x64 = Debug|x64
		Debug|x86 = Debug|x86
		Release|Any CPU = Release|Any CPU
		Release|ARM = Release|ARM
		Release|ARM64 = Release|ARM64
		Release|x64 = Release|x64
		Release|x86 = Release|x86
	EndGlobalSection
	GlobalSection(ProjectConfigurationPlatforms) = postSolution
		{8785CCB5-6E67-4318-A0AF-81B3841346CF}.Debug|Any CPU.ActiveCfg = Debug|x86
		{8785CCB5-6E67-4318-A0AF-81B3841346CF}.Debug|ARM.ActiveCfg = Debug|ARM
		{8785CCB5-6E67-4318-A0AF-81B3841346CF}.Debug|ARM.Build.0 = Debug|ARM
		{8785CCB5-6E67-4318-A0AF-81B3841346CF}.Debug|ARM.Deploy.0 = Debug|ARM
		{8785CCB5-6E67-4318-A0AF-81B3841346CF}.Debug|ARM64.ActiveCfg = Debug|ARM64
		{8785CCB5-6E67-4318-A0AF-81B3841346CF}.Debug|ARM64.Build.0 = Debug|ARM64
		{8785CCB5-6E67-4318-A0AF-81B3841346CF}.Debug|ARM64.Deploy.0 = Debug|ARM64
		{8785CCB5-6E67-4318-A0AF-81B3841346CF}.Debug|x64.ActiveCfg = Debug|x64
		{8785CCB5-6E67-4318-A0AF-81B3841346CF}.Debug|x64.Build.0 = Debug|x64
		{8785CCB5-6E67-4318-A0AF-81B3841346CF}.Debug|x64.Deploy.0 = Debug|x64
		{8785CCB5-6E67-4318-A0AF-81B3841346CF}.Debug|x86.ActiveCfg = Debug|x86
		{8785CCB5-6E67-4318-A0AF-81B3841346CF}.Debug|x86.Build.0 = Debug|x86
		{8785CCB5-6E67-4318-A0AF-81B3841346CF}.Debug|x86.Deploy.0 = Debug|x86
		{8785CCB5-6E67-4318-A0AF-81B3841346CF}.Release|Any CPU.ActiveCfg = Release|x86
		{8785CCB5-6E67-4318-A0AF-81B3841346CF}.Release|ARM.ActiveCfg = Release|ARM
		{8785CCB5-6E67-4318-A0AF-81B3841346CF}.Release|ARM.Build.0 = Release|ARM
		{8785CCB5-6E67-4318-A0AF-81B3841346CF}.Release|ARM.Deploy.0 = Release|ARM
		{8785CCB5-6E67-4318-A0AF-81B3841346CF}.Release|ARM64.ActiveCfg = Release|ARM64
		{8785CCB5-6E67-4318-A0AF-81B3841346CF}.Release|ARM64.Build.0 = Release|ARM64
		{8785CCB5-6E67-4318-A0AF-81B3841346CF}.Release|ARM64.Deploy.0 = Release|ARM64
		{8785CCB5-6E67-4318-A0AF-81B3841346CF}.Release|x64.ActiveCfg = Release|x64
		{8785CCB5-6E67-4318-A0AF-81B3841346CF}.Release|x64.Build.0 = Release|x64
		{8785CCB5-6E67-4318-A0AF-81B3841346CF}.Release|x64.Deploy.0 = Release|x64
		{8785CCB5-6E67-4318-A0AF-81B3841346CF}.Release|x86.ActiveCfg = Release|x86
		{8785CCB5-6E67-4318-A0AF-81B3841346CF}.Release|x86.Build.0 = Release|x86
		{8785CCB5-6E67-4318-A0AF-81B3841346CF}.Release|x86.Deploy.0 = Release|x86
		{65E8F878-970C-46B4-9FAA-0CBCA3285CCA}.Debug|Any CPU.ActiveCfg = Debug|Any CPU
		{65E8F878-970C-46B4-9FAA-0CBCA3285CCA}.Debug|Any CPU.Build.0 = Debug|Any CPU
		{65E8F878-970C-46B4-9FAA-0CBCA3285CCA}.Debug|ARM.ActiveCfg = Debug|Any CPU
		{65E8F878-970C-46B4-9FAA-0CBCA3285CCA}.Debug|ARM.Build.0 = Debug|Any CPU
		{65E8F878-970C-46B4-9FAA-0CBCA3285CCA}.Debug|ARM64.ActiveCfg = Debug|Any CPU
		{65E8F878-970C-46B4-9FAA-0CBCA3285CCA}.Debug|ARM64.Build.0 = Debug|Any CPU
		{65E8F878-970C-46B4-9FAA-0CBCA3285CCA}.Debug|x64.ActiveCfg = Debug|Any CPU
		{65E8F878-970C-46B4-9FAA-0CBCA3285CCA}.Debug|x64.Build.0 = Debug|Any CPU
		{65E8F878-970C-46B4-9FAA-0CBCA3285CCA}.Debug|x86.ActiveCfg = Debug|Any CPU
		{65E8F878-970C-46B4-9FAA-0CBCA3285CCA}.Debug|x86.Build.0 = Debug|Any CPU
		{65E8F878-970C-46B4-9FAA-0CBCA3285CCA}.Release|Any CPU.ActiveCfg = Release|Any CPU
		{65E8F878-970C-46B4-9FAA-0CBCA3285CCA}.Release|Any CPU.Build.0 = Release|Any CPU
		{65E8F878-970C-46B4-9FAA-0CBCA3285CCA}.Release|ARM.ActiveCfg = Release|Any CPU
		{65E8F878-970C-46B4-9FAA-0CBCA3285CCA}.Release|ARM.Build.0 = Release|Any CPU
		{65E8F878-970C-46B4-9FAA-0CBCA3285CCA}.Release|ARM64.ActiveCfg = Release|Any CPU
		{65E8F878-970C-46B4-9FAA-0CBCA3285CCA}.Release|ARM64.Build.0 = Release|Any CPU
		{65E8F878-970C-46B4-9FAA-0CBCA3285CCA}.Release|x64.ActiveCfg = Release|Any CPU
		{65E8F878-970C-46B4-9FAA-0CBCA3285CCA}.Release|x64.Build.0 = Release|Any CPU
		{65E8F878-970C-46B4-9FAA-0CBCA3285CCA}.Release|x86.ActiveCfg = Release|Any CPU
		{65E8F878-970C-46B4-9FAA-0CBCA3285CCA}.Release|x86.Build.0 = Release|Any CPU
	EndGlobalSection
	GlobalSection(SolutionProperties) = preSolution
		HideSolutionNode = FALSE
	EndGlobalSection
	GlobalSection(ExtensibilityGlobals) = postSolution
		SolutionGuid = {B9E39C18-A58A-4B1E-AD86-F335216AE7D4}
	EndGlobalSection
EndGlobal
